Microsoft Visual Studio Solution File, Format Version 8.00
Project("{FAE04EC0-301F-11D3-BF4B-00C04F79EFBC}") = "Neo.MetaModel", "MetaModel\Neo.MetaModel.csproj", "{85B07E6D-5672-419F-9902-D4F030FF58E0}"
	ProjectSection(ProjectDependencies) = postProject
	EndProjectSection
EndProject
Project("{FAE04EC0-301F-11D3-BF4B-00C04F79EFBC}") = "Neo.CmdLineTool", "CmdLineTool\Neo.CmdLineTool.csproj", "{51A51E2D-F1A2-4A95-BCC2-78D89C7250B0}"
	ProjectSection(ProjectDependencies) = postProject
	EndProjectSection
EndProject
Project("{FAE04EC0-301F-11D3-BF4B-00C04F79EFBC}") = "Neo.Tools.Tests", "Tests\Neo.Tools.Tests.csproj", "{B8DF3762-658D-4CB7-8EC1-0DD6D1B90A5D}"
	ProjectSection(ProjectDependencies) = postProject
	EndProjectSection
EndProject
Project("{FAE04EC0-301F-11D3-BF4B-00C04F79EFBC}") = "Neo.VsTool", "VsTool\Neo.VsTool.csproj", "{5BC36FD5-F9C1-4737-87B4-1AE6D5A59F89}"
	ProjectSection(ProjectDependencies) = postProject
	EndProjectSection
EndProject
Project("{FAE04EC0-301F-11D3-BF4B-00C04F79EFBC}") = "Neo.Generator", "Generator\Neo.Generator.csproj", "{D93135A9-8371-4A01-A8A1-71566D129587}"
	ProjectSection(ProjectDependencies) = postProject
	EndProjectSection
EndProject
Project("{FAE04EC0-301F-11D3-BF4B-00C04F79EFBC}") = "Neo", "..\Neo\Neo.csproj", "{30A92E93-A729-4BDF-BBF5-8D6D45EF6A5F}"
	ProjectSection(ProjectDependencies) = postProject
	EndProjectSection
EndProject
Project("{FAE04EC0-301F-11D3-BF4B-00C04F79EFBC}") = "Neo.NAntTasks", "NAntTask\Neo.NAntTasks.csproj", "{E0EDE800-E911-45B2-B845-D1A4E05CF975}"
	ProjectSection(ProjectDependencies) = postProject
	EndProjectSection
EndProject
Global
	GlobalSection(SolutionConfiguration) = preSolution
		Debug = Debug
		Release = Release
	EndGlobalSection
	GlobalSection(ProjectConfiguration) = postSolution
		{85B07E6D-5672-419F-9902-D4F030FF58E0}.Debug.ActiveCfg = Debug|.NET
		{85B07E6D-5672-419F-9902-D4F030FF58E0}.Debug.Build.0 = Debug|.NET
		{85B07E6D-5672-419F-9902-D4F030FF58E0}.Release.ActiveCfg = Release|.NET
		{85B07E6D-5672-419F-9902-D4F030FF58E0}.Release.Build.0 = Release|.NET
		{51A51E2D-F1A2-4A95-BCC2-78D89C7250B0}.Debug.ActiveCfg = Debug|.NET
		{51A51E2D-F1A2-4A95-BCC2-78D89C7250B0}.Debug.Build.0 = Debug|.NET
		{51A51E2D-F1A2-4A95-BCC2-78D89C7250B0}.Release.ActiveCfg = Release|.NET
		{51A51E2D-F1A2-4A95-BCC2-78D89C7250B0}.Release.Build.0 = Release|.NET
		{B8DF3762-658D-4CB7-8EC1-0DD6D1B90A5D}.Debug.ActiveCfg = Debug|.NET
		{B8DF3762-658D-4CB7-8EC1-0DD6D1B90A5D}.Debug.Build.0 = Debug|.NET
		{B8DF3762-658D-4CB7-8EC1-0DD6D1B90A5D}.Release.ActiveCfg = Release|.NET
		{B8DF3762-658D-4CB7-8EC1-0DD6D1B90A5D}.Release.Build.0 = Release|.NET
		{5BC36FD5-F9C1-4737-87B4-1AE6D5A59F89}.Debug.ActiveCfg = Debug|.NET
		{5BC36FD5-F9C1-4737-87B4-1AE6D5A59F89}.Debug.Build.0 = Debug|.NET
		{5BC36FD5-F9C1-4737-87B4-1AE6D5A59F89}.Release.ActiveCfg = Release|.NET
		{5BC36FD5-F9C1-4737-87B4-1AE6D5A59F89}.Release.Build.0 = Release|.NET
		{D93135A9-8371-4A01-A8A1-71566D129587}.Debug.ActiveCfg = Debug|.NET
		{D93135A9-8371-4A01-A8A1-71566D129587}.Debug.Build.0 = Debug|.NET
		{D93135A9-8371-4A01-A8A1-71566D129587}.Release.ActiveCfg = Release|.NET
		{D93135A9-8371-4A01-A8A1-71566D129587}.Release.Build.0 = Release|.NET
		{30A92E93-A729-4BDF-BBF5-8D6D45EF6A5F}.Debug.ActiveCfg = Debug|.NET
		{30A92E93-A729-4BDF-BBF5-8D6D45EF6A5F}.Debug.Build.0 = Debug|.NET
		{30A92E93-A729-4BDF-BBF5-8D6D45EF6A5F}.Release.ActiveCfg = Release|.NET
		{30A92E93-A729-4BDF-BBF5-8D6D45EF6A5F}.Release.Build.0 = Release|.NET
		{E0EDE800-E911-45B2-B845-D1A4E05CF975}.Debug.ActiveCfg = Debug|.NET
		{E0EDE800-E911-45B2-B845-D1A4E05CF975}.Debug.Build.0 = Debug|.NET
		{E0EDE800-E911-45B2-B845-D1A4E05CF975}.Release.ActiveCfg = Release|.NET
		{E0EDE800-E911-45B2-B845-D1A4E05CF975}.Release.Build.0 = Release|.NET
	EndGlobalSection
	GlobalSection(ExtensibilityGlobals) = postSolution
	EndGlobalSection
	GlobalSection(ExtensibilityAddIns) = postSolution
	EndGlobalSection
EndGlobal
